
Microsoft Visual Studio Solution File, Format Version 12.00
# Visual Studio 15
VisualStudioVersion = 15.0.27428.2015
MinimumVisualStudioVersion = 10.0.40219.1
Project("{9A19103F-16F7-4668-BE54-9A1E7A4F7556}") = "Killerapp", "Killerapp\Killerapp.csproj", "{91104CED-F0D9-4E8E-81A3-DC7DF526C929}"
EndProject
Project("{9A19103F-16F7-4668-BE54-9A1E7A4F7556}") = "Models", "Models\Models.csproj", "{20FDD85C-10EB-494D-844D-F92C05B7F26A}"
EndProject
Project("{9A19103F-16F7-4668-BE54-9A1E7A4F7556}") = "DAL", "DAL\DAL.csproj", "{C824613F-A20F-4891-8337-E4A644D6C1AC}"
EndProject
Project("{9A19103F-16F7-4668-BE54-9A1E7A4F7556}") = "Logic", "Logic\Logic.csproj", "{344E7B71-8907-4287-9176-0EC93682AFBB}"
EndProject
Project("{9A19103F-16F7-4668-BE54-9A1E7A4F7556}") = "UnitTesting", "UnitTesting\UnitTesting.csproj", "{0987461A-9DB3-4FF3-B2E8-908FEBF39D92}"
EndProject
Project("{FAE04EC0-301F-11D3-BF4B-00C04F79EFBC}") = "DataInterfaces", "DataInterfaces\DataInterfaces.csproj", "{584F6F77-40CD-43E4-87EE-1F496C2AAA67}"
EndProject
Global
	GlobalSection(SolutionConfigurationPlatforms) = preSolution
		Debug|Any CPU = Debug|Any CPU
		Release|Any CPU = Release|Any CPU
	EndGlobalSection
	GlobalSection(ProjectConfigurationPlatforms) = postSolution
		{91104CED-F0D9-4E8E-81A3-DC7DF526C929}.Debug|Any CPU.ActiveCfg = Debug|Any CPU
		{91104CED-F0D9-4E8E-81A3-DC7DF526C929}.Debug|Any CPU.Build.0 = Debug|Any CPU
		{91104CED-F0D9-4E8E-81A3-DC7DF526C929}.Release|Any CPU.ActiveCfg = Release|Any CPU
		{91104CED-F0D9-4E8E-81A3-DC7DF526C929}.Release|Any CPU.Build.0 = Release|Any CPU
		{20FDD85C-10EB-494D-844D-F92C05B7F26A}.Debug|Any CPU.ActiveCfg = Debug|Any CPU
		{20FDD85C-10EB-494D-844D-F92C05B7F26A}.Debug|Any CPU.Build.0 = Debug|Any CPU
		{20FDD85C-10EB-494D-844D-F92C05B7F26A}.Release|Any CPU.ActiveCfg = Release|Any CPU
		{20FDD85C-10EB-494D-844D-F92C05B7F26A}.Release|Any CPU.Build.0 = Release|Any CPU
		{C824613F-A20F-4891-8337-E4A644D6C1AC}.Debug|Any CPU.ActiveCfg = Debug|Any CPU
		{C824613F-A20F-4891-8337-E4A644D6C1AC}.Debug|Any CPU.Build.0 = Debug|Any CPU
		{C824613F-A20F-4891-8337-E4A644D6C1AC}.Release|Any CPU.ActiveCfg = Release|Any CPU
		{C824613F-A20F-4891-8337-E4A644D6C1AC}.Release|Any CPU.Build.0 = Release|Any CPU
		{344E7B71-8907-4287-9176-0EC93682AFBB}.Debug|Any CPU.ActiveCfg = Debug|Any CPU
		{344E7B71-8907-4287-9176-0EC93682AFBB}.Debug|Any CPU.Build.0 = Debug|Any CPU
		{344E7B71-8907-4287-9176-0EC93682AFBB}.Release|Any CPU.ActiveCfg = Release|Any CPU
		{344E7B71-8907-4287-9176-0EC93682AFBB}.Release|Any CPU.Build.0 = Release|Any CPU
		{0987461A-9DB3-4FF3-B2E8-908FEBF39D92}.Debug|Any CPU.ActiveCfg = Debug|Any CPU
		{0987461A-9DB3-4FF3-B2E8-908FEBF39D92}.Debug|Any CPU.Build.0 = Debug|Any CPU
		{0987461A-9DB3-4FF3-B2E8-908FEBF39D92}.Release|Any CPU.ActiveCfg = Release|Any CPU
		{0987461A-9DB3-4FF3-B2E8-908FEBF39D92}.Release|Any CPU.Build.0 = Release|Any CPU
		{584F6F77-40CD-43E4-87EE-1F496C2AAA67}.Debug|Any CPU.ActiveCfg = Debug|Any CPU
		{584F6F77-40CD-43E4-87EE-1F496C2AAA67}.Debug|Any CPU.Build.0 = Debug|Any CPU
		{584F6F77-40CD-43E4-87EE-1F496C2AAA67}.Release|Any CPU.ActiveCfg = Release|Any CPU
		{584F6F77-40CD-43E4-87EE-1F496C2AAA67}.Release|Any CPU.Build.0 = Release|Any CPU
	EndGlobalSection
	GlobalSection(SolutionProperties) = preSolution
		HideSolutionNode = FALSE
	EndGlobalSection
	GlobalSection(ExtensibilityGlobals) = postSolution
		SolutionGuid = {48C1880D-07C4-4FB5-A343-210F629160DA}
	EndGlobalSection
EndGlobal
